
Microsoft Visual Studio Solution File, Format Version 12.00
# Visual Studio 2013
VisualStudioVersion = 12.0.21005.1
MinimumVisualStudioVersion = 10.0.40219.1
Project("{8BC9CEB8-8B4A-11D0-8D11-00A0C91BC942}") = "Project1", "Project1\Project1.vcxproj", "{433EFFF1-B55A-47FC-B0E1-B0CC03003224}"
EndProject
Project("{8BC9CEB8-8B4A-11D0-8D11-00A0C91BC942}") = "Project2", "Project2\Project2.vcxproj", "{A2CE7ACA-F2ED-4829-A1FB-8DE6A114930C}"
EndProject
Global
	GlobalSection(SolutionConfigurationPlatforms) = preSolution
		Debug|Win32 = Debug|Win32
		Release|Win32 = Release|Win32
	EndGlobalSection
	GlobalSection(ProjectConfigurationPlatforms) = postSolution
		{433EFFF1-B55A-47FC-B0E1-B0CC03003224}.Debug|Win32.ActiveCfg = Debug|Win32
		{433EFFF1-B55A-47FC-B0E1-B0CC03003224}.Debug|Win32.Build.0 = Debug|Win32
		{433EFFF1-B55A-47FC-B0E1-B0CC03003224}.Release|Win32.ActiveCfg = Release|Win32
		{433EFFF1-B55A-47FC-B0E1-B0CC03003224}.Release|Win32.Build.0 = Release|Win32
		{A2CE7ACA-F2ED-4829-A1FB-8DE6A114930C}.Debug|Win32.ActiveCfg = Debug|Win32
		{A2CE7ACA-F2ED-4829-A1FB-8DE6A114930C}.Debug|Win32.Build.0 = Debug|Win32
		{A2CE7ACA-F2ED-4829-A1FB-8DE6A114930C}.Release|Win32.ActiveCfg = Release|Win32
		{A2CE7ACA-F2ED-4829-A1FB-8DE6A114930C}.Release|Win32.Build.0 = Release|Win32
	EndGlobalSection
	GlobalSection(SolutionProperties) = preSolution
		HideSolutionNode = FALSE
	EndGlobalSection
EndGlobal
